
Microsoft Visual Studio Solution File, Format Version 12.00
# Visual Studio Version 17
VisualStudioVersion = 17.5.002.0
MinimumVisualStudioVersion = 10.0.40219.1
Project("{9A19103F-16F7-4668-BE54-9A1E7A4F7556}") = "BetterColorSpheres", "BetterColorSpheres.csproj", "{A0F1F431-9960-4CEF-B342-C306C5822097}"
EndProject
Global
	GlobalSection(SolutionConfigurationPlatforms) = preSolution
		Debug|Any CPU = Debug|Any CPU
		Release|Any CPU = Release|Any CPU
	EndGlobalSection
	GlobalSection(ProjectConfigurationPlatforms) = postSolution
		{A0F1F431-9960-4CEF-B342-C306C5822097}.Debug|Any CPU.ActiveCfg = Debug|Any CPU
		{A0F1F431-9960-4CEF-B342-C306C5822097}.Debug|Any CPU.Build.0 = Debug|Any CPU
		{A0F1F431-9960-4CEF-B342-C306C5822097}.Release|Any CPU.ActiveCfg = Release|Any CPU
		{A0F1F431-9960-4CEF-B342-C306C5822097}.Release|Any CPU.Build.0 = Release|Any CPU
	EndGlobalSection
	GlobalSection(SolutionProperties) = preSolution
		HideSolutionNode = FALSE
	EndGlobalSection
	GlobalSection(ExtensibilityGlobals) = postSolution
		SolutionGuid = {D4718E76-7CD3-4B10-8218-0F2EBD285F10}
	EndGlobalSection
EndGlobal
